
Microsoft Visual Studio Solution File, Format Version 12.00
# Visual Studio Version 17
VisualStudioVersion = 17.13.35931.197 d17.13
MinimumVisualStudioVersion = 10.0.40219.1
Project("{FAE04EC0-301F-11D3-BF4B-00C04F79EFBC}") = "DiziOrnegi", "DiziOrnegi.csproj", "{F3087873-8B7F-4143-A44A-54C37D8815AC}"
EndProject
Global
	GlobalSection(SolutionConfigurationPlatforms) = preSolution
		Debug|Any CPU = Debug|Any CPU
		Release|Any CPU = Release|Any CPU
	EndGlobalSection
	GlobalSection(ProjectConfigurationPlatforms) = postSolution
		{F3087873-8B7F-4143-A44A-54C37D8815AC}.Debug|Any CPU.ActiveCfg = Debug|Any CPU
		{F3087873-8B7F-4143-A44A-54C37D8815AC}.Debug|Any CPU.Build.0 = Debug|Any CPU
		{F3087873-8B7F-4143-A44A-54C37D8815AC}.Release|Any CPU.ActiveCfg = Release|Any CPU
		{F3087873-8B7F-4143-A44A-54C37D8815AC}.Release|Any CPU.Build.0 = Release|Any CPU
	EndGlobalSection
	GlobalSection(SolutionProperties) = preSolution
		HideSolutionNode = FALSE
	EndGlobalSection
	GlobalSection(ExtensibilityGlobals) = postSolution
		SolutionGuid = {B79B8A26-FFFE-43B1-8C5E-FD578FA094AD}
	EndGlobalSection
EndGlobal
