
Microsoft Visual Studio Solution File, Format Version 12.00
# Visual Studio Version 17
VisualStudioVersion = 17.14.36518.9 d17.14
MinimumVisualStudioVersion = 10.0.40219.1
Project("{FAE04EC0-301F-11D3-BF4B-00C04F79EFBC}") = "VirtualCatSimulator", "VirtualCatSimulator.csproj", "{EEAF41D9-0751-4155-A234-545D17513B3A}"
EndProject
Global
	GlobalSection(SolutionConfigurationPlatforms) = preSolution
		Debug|Any CPU = Debug|Any CPU
		Release|Any CPU = Release|Any CPU
	EndGlobalSection
	GlobalSection(ProjectConfigurationPlatforms) = postSolution
		{EEAF41D9-0751-4155-A234-545D17513B3A}.Debug|Any CPU.ActiveCfg = Debug|Any CPU
		{EEAF41D9-0751-4155-A234-545D17513B3A}.Debug|Any CPU.Build.0 = Debug|Any CPU
		{EEAF41D9-0751-4155-A234-545D17513B3A}.Release|Any CPU.ActiveCfg = Release|Any CPU
		{EEAF41D9-0751-4155-A234-545D17513B3A}.Release|Any CPU.Build.0 = Release|Any CPU
	EndGlobalSection
	GlobalSection(SolutionProperties) = preSolution
		HideSolutionNode = FALSE
	EndGlobalSection
	GlobalSection(ExtensibilityGlobals) = postSolution
		SolutionGuid = {0FC9371E-6408-4AAE-8F47-421CEB3452B8}
	EndGlobalSection
EndGlobal
