
Microsoft Visual Studio Solution File, Format Version 12.00
# Visual Studio Version 17
VisualStudioVersion = 17.13.35931.197 d17.13
MinimumVisualStudioVersion = 10.0.40219.1
Project("{FAE04EC0-301F-11D3-BF4B-00C04F79EFBC}") = "Çarpım Tablosu", "Çarpım Tablosu.csproj", "{B7FA668A-2C1E-4CEB-BDD2-CEAFC0B57A20}"
EndProject
Global
	GlobalSection(SolutionConfigurationPlatforms) = preSolution
		Debug|Any CPU = Debug|Any CPU
		Release|Any CPU = Release|Any CPU
	EndGlobalSection
	GlobalSection(ProjectConfigurationPlatforms) = postSolution
		{B7FA668A-2C1E-4CEB-BDD2-CEAFC0B57A20}.Debug|Any CPU.ActiveCfg = Debug|Any CPU
		{B7FA668A-2C1E-4CEB-BDD2-CEAFC0B57A20}.Debug|Any CPU.Build.0 = Debug|Any CPU
		{B7FA668A-2C1E-4CEB-BDD2-CEAFC0B57A20}.Release|Any CPU.ActiveCfg = Release|Any CPU
		{B7FA668A-2C1E-4CEB-BDD2-CEAFC0B57A20}.Release|Any CPU.Build.0 = Release|Any CPU
	EndGlobalSection
	GlobalSection(SolutionProperties) = preSolution
		HideSolutionNode = FALSE
	EndGlobalSection
	GlobalSection(ExtensibilityGlobals) = postSolution
		SolutionGuid = {D20BFC97-137A-4994-8177-A592A2879EA7}
	EndGlobalSection
EndGlobal
