
Microsoft Visual Studio Solution File, Format Version 12.00
# Visual Studio Version 17
VisualStudioVersion = 17.13.35931.197 d17.13
MinimumVisualStudioVersion = 10.0.40219.1
Project("{FAE04EC0-301F-11D3-BF4B-00C04F79EFBC}") = "HesapMakinesi", "HesapMakinesi.csproj", "{EE957495-16FB-477F-BA35-8DDC2D360AE6}"
EndProject
Global
	GlobalSection(SolutionConfigurationPlatforms) = preSolution
		Debug|Any CPU = Debug|Any CPU
		Release|Any CPU = Release|Any CPU
	EndGlobalSection
	GlobalSection(ProjectConfigurationPlatforms) = postSolution
		{EE957495-16FB-477F-BA35-8DDC2D360AE6}.Debug|Any CPU.ActiveCfg = Debug|Any CPU
		{EE957495-16FB-477F-BA35-8DDC2D360AE6}.Debug|Any CPU.Build.0 = Debug|Any CPU
		{EE957495-16FB-477F-BA35-8DDC2D360AE6}.Release|Any CPU.ActiveCfg = Release|Any CPU
		{EE957495-16FB-477F-BA35-8DDC2D360AE6}.Release|Any CPU.Build.0 = Release|Any CPU
	EndGlobalSection
	GlobalSection(SolutionProperties) = preSolution
		HideSolutionNode = FALSE
	EndGlobalSection
	GlobalSection(ExtensibilityGlobals) = postSolution
		SolutionGuid = {8370132B-9494-47F1-9F2D-066538A7754B}
	EndGlobalSection
EndGlobal
