
Microsoft Visual Studio Solution File, Format Version 12.00
# Visual Studio Version 17
VisualStudioVersion = 17.14.36518.9 d17.14
MinimumVisualStudioVersion = 10.0.40219.1
Project("{FAE04EC0-301F-11D3-BF4B-00C04F79EFBC}") = "MarketKasa", "MarketKasa.csproj", "{17FD94F8-1AFE-4303-806C-3E572D7EDC9D}"
EndProject
Global
	GlobalSection(SolutionConfigurationPlatforms) = preSolution
		Debug|Any CPU = Debug|Any CPU
		Release|Any CPU = Release|Any CPU
	EndGlobalSection
	GlobalSection(ProjectConfigurationPlatforms) = postSolution
		{17FD94F8-1AFE-4303-806C-3E572D7EDC9D}.Debug|Any CPU.ActiveCfg = Debug|Any CPU
		{17FD94F8-1AFE-4303-806C-3E572D7EDC9D}.Debug|Any CPU.Build.0 = Debug|Any CPU
		{17FD94F8-1AFE-4303-806C-3E572D7EDC9D}.Release|Any CPU.ActiveCfg = Release|Any CPU
		{17FD94F8-1AFE-4303-806C-3E572D7EDC9D}.Release|Any CPU.Build.0 = Release|Any CPU
	EndGlobalSection
	GlobalSection(SolutionProperties) = preSolution
		HideSolutionNode = FALSE
	EndGlobalSection
	GlobalSection(ExtensibilityGlobals) = postSolution
		SolutionGuid = {B8A45BB0-8330-4F58-96F2-1475E607B831}
	EndGlobalSection
EndGlobal
