
Microsoft Visual Studio Solution File, Format Version 12.00
# Visual Studio Version 17
VisualStudioVersion = 17.13.35931.197 d17.13
MinimumVisualStudioVersion = 10.0.40219.1
Project("{FAE04EC0-301F-11D3-BF4B-00C04F79EFBC}") = "DegiskenOrnegi", "DegiskenOrnegi.csproj", "{468F7CAD-FBE9-49E7-BA39-D2C5C6967568}"
EndProject
Global
	GlobalSection(SolutionConfigurationPlatforms) = preSolution
		Debug|Any CPU = Debug|Any CPU
		Release|Any CPU = Release|Any CPU
	EndGlobalSection
	GlobalSection(ProjectConfigurationPlatforms) = postSolution
		{468F7CAD-FBE9-49E7-BA39-D2C5C6967568}.Debug|Any CPU.ActiveCfg = Debug|Any CPU
		{468F7CAD-FBE9-49E7-BA39-D2C5C6967568}.Debug|Any CPU.Build.0 = Debug|Any CPU
		{468F7CAD-FBE9-49E7-BA39-D2C5C6967568}.Release|Any CPU.ActiveCfg = Release|Any CPU
		{468F7CAD-FBE9-49E7-BA39-D2C5C6967568}.Release|Any CPU.Build.0 = Release|Any CPU
	EndGlobalSection
	GlobalSection(SolutionProperties) = preSolution
		HideSolutionNode = FALSE
	EndGlobalSection
	GlobalSection(ExtensibilityGlobals) = postSolution
		SolutionGuid = {E9BC16BD-45A4-4917-B1DE-DABF53D92F17}
	EndGlobalSection
EndGlobal
