
Microsoft Visual Studio Solution File, Format Version 12.00
# Visual Studio Version 17
VisualStudioVersion = 17.14.36518.9 d17.14
MinimumVisualStudioVersion = 10.0.40219.1
Project("{FAE04EC0-301F-11D3-BF4B-00C04F79EFBC}") = "KutuphaneOtomasyonu", "KutuphaneOtomasyonu.csproj", "{76480DD1-DE4E-4AE1-B3A5-380BD8CEDE18}"
EndProject
Global
	GlobalSection(SolutionConfigurationPlatforms) = preSolution
		Debug|Any CPU = Debug|Any CPU
		Release|Any CPU = Release|Any CPU
	EndGlobalSection
	GlobalSection(ProjectConfigurationPlatforms) = postSolution
		{76480DD1-DE4E-4AE1-B3A5-380BD8CEDE18}.Debug|Any CPU.ActiveCfg = Debug|Any CPU
		{76480DD1-DE4E-4AE1-B3A5-380BD8CEDE18}.Debug|Any CPU.Build.0 = Debug|Any CPU
		{76480DD1-DE4E-4AE1-B3A5-380BD8CEDE18}.Release|Any CPU.ActiveCfg = Release|Any CPU
		{76480DD1-DE4E-4AE1-B3A5-380BD8CEDE18}.Release|Any CPU.Build.0 = Release|Any CPU
	EndGlobalSection
	GlobalSection(SolutionProperties) = preSolution
		HideSolutionNode = FALSE
	EndGlobalSection
	GlobalSection(ExtensibilityGlobals) = postSolution
		SolutionGuid = {AD262E3E-C99C-4349-AFC8-D92A8A9A485C}
	EndGlobalSection
EndGlobal
