
Microsoft Visual Studio Solution File, Format Version 12.00
# Visual Studio Version 17
VisualStudioVersion = 17.13.35931.197 d17.13
MinimumVisualStudioVersion = 10.0.40219.1
Project("{FAE04EC0-301F-11D3-BF4B-00C04F79EFBC}") = "HelloWorld", "HelloWorld.csproj", "{8C198268-8AD3-4140-9517-8F8D99A7806F}"
EndProject
Global
	GlobalSection(SolutionConfigurationPlatforms) = preSolution
		Debug|Any CPU = Debug|Any CPU
		Release|Any CPU = Release|Any CPU
	EndGlobalSection
	GlobalSection(ProjectConfigurationPlatforms) = postSolution
		{8C198268-8AD3-4140-9517-8F8D99A7806F}.Debug|Any CPU.ActiveCfg = Debug|Any CPU
		{8C198268-8AD3-4140-9517-8F8D99A7806F}.Debug|Any CPU.Build.0 = Debug|Any CPU
		{8C198268-8AD3-4140-9517-8F8D99A7806F}.Release|Any CPU.ActiveCfg = Release|Any CPU
		{8C198268-8AD3-4140-9517-8F8D99A7806F}.Release|Any CPU.Build.0 = Release|Any CPU
	EndGlobalSection
	GlobalSection(SolutionProperties) = preSolution
		HideSolutionNode = FALSE
	EndGlobalSection
	GlobalSection(ExtensibilityGlobals) = postSolution
		SolutionGuid = {A8A56B55-1974-4E5B-8A25-BC079C7A7CC1}
	EndGlobalSection
EndGlobal
